
Microsoft Visual Studio Solution File, Format Version 12.00
# Visual Studio 15
VisualStudioVersion = 15.0.28307.1022
MinimumVisualStudioVersion = 10.0.40219.1
Project("{FAE04EC0-301F-11D3-BF4B-00C04F79EFBC}") = "ClothBazar.Web", "ClothBazar.Web\ClothBazar.Web.csproj", "{C48CB48A-A368-4791-99B1-641B2F5FF259}"
EndProject
Project("{FAE04EC0-301F-11D3-BF4B-00C04F79EFBC}") = "ClothBazar.Entities", "ClothBazar.Entities\ClothBazar.Entities.csproj", "{C03AEC90-75C4-4DAC-8A20-A16F754A303C}"
EndProject
Project("{FAE04EC0-301F-11D3-BF4B-00C04F79EFBC}") = "ClothBazar.Database", "ClothBazar.Database\ClothBazar.Database.csproj", "{B7F9A967-C4C0-4CEB-9AE8-C7D36E210B16}"
EndProject
Project("{FAE04EC0-301F-11D3-BF4B-00C04F79EFBC}") = "ClothBazar.Service", "ClothBazar.Service\ClothBazar.Service.csproj", "{0B76194B-33E5-4FFC-9564-C94BF9069AA7}"
EndProject
Global
	GlobalSection(SolutionConfigurationPlatforms) = preSolution
		Debug|Any CPU = Debug|Any CPU
		Release|Any CPU = Release|Any CPU
	EndGlobalSection
	GlobalSection(ProjectConfigurationPlatforms) = postSolution
		{C48CB48A-A368-4791-99B1-641B2F5FF259}.Debug|Any CPU.ActiveCfg = Debug|Any CPU
		{C48CB48A-A368-4791-99B1-641B2F5FF259}.Debug|Any CPU.Build.0 = Debug|Any CPU
		{C48CB48A-A368-4791-99B1-641B2F5FF259}.Release|Any CPU.ActiveCfg = Release|Any CPU
		{C48CB48A-A368-4791-99B1-641B2F5FF259}.Release|Any CPU.Build.0 = Release|Any CPU
		{C03AEC90-75C4-4DAC-8A20-A16F754A303C}.Debug|Any CPU.ActiveCfg = Debug|Any CPU
		{C03AEC90-75C4-4DAC-8A20-A16F754A303C}.Debug|Any CPU.Build.0 = Debug|Any CPU
		{C03AEC90-75C4-4DAC-8A20-A16F754A303C}.Release|Any CPU.ActiveCfg = Release|Any CPU
		{C03AEC90-75C4-4DAC-8A20-A16F754A303C}.Release|Any CPU.Build.0 = Release|Any CPU
		{B7F9A967-C4C0-4CEB-9AE8-C7D36E210B16}.Debug|Any CPU.ActiveCfg = Debug|Any CPU
		{B7F9A967-C4C0-4CEB-9AE8-C7D36E210B16}.Debug|Any CPU.Build.0 = Debug|Any CPU
		{B7F9A967-C4C0-4CEB-9AE8-C7D36E210B16}.Release|Any CPU.ActiveCfg = Release|Any CPU
		{B7F9A967-C4C0-4CEB-9AE8-C7D36E210B16}.Release|Any CPU.Build.0 = Release|Any CPU
		{0B76194B-33E5-4FFC-9564-C94BF9069AA7}.Debug|Any CPU.ActiveCfg = Debug|Any CPU
		{0B76194B-33E5-4FFC-9564-C94BF9069AA7}.Debug|Any CPU.Build.0 = Debug|Any CPU
		{0B76194B-33E5-4FFC-9564-C94BF9069AA7}.Release|Any CPU.ActiveCfg = Release|Any CPU
		{0B76194B-33E5-4FFC-9564-C94BF9069AA7}.Release|Any CPU.Build.0 = Release|Any CPU
	EndGlobalSection
	GlobalSection(SolutionProperties) = preSolution
		HideSolutionNode = FALSE
	EndGlobalSection
	GlobalSection(ExtensibilityGlobals) = postSolution
		SolutionGuid = {AB4DED5F-FBBE-47F0-92A0-8B2A079521B5}
	EndGlobalSection
EndGlobal
